PODS:
  - CoreStore (6.2.1)
  - PureLayout (3.1.4)
  - RxAtomic (4.4.2)
  - RxCocoa (4.4.2):
    - RxSwift (>= 4.4.2, ~> 4.4)
  - RxCoreStore (1.3.0):
    - CoreStore (~> 6.0)
    - RxCocoa (~> 4.4)
    - RxSwift (~> 4.4)
  - RxSwift (4.4.2):
    - RxAtomic (>= 4.4.2, ~> 4.4)

DEPENDENCIES:
  - CoreStore
  - PureLayout
  - RxCocoa
  - RxCoreStore
  - RxSwift

SPEC REPOS:
  https://github.com/CocoaPods/Specs.git:
    - CoreStore
    - PureLayout
    - RxAtomic
    - RxCocoa
    - RxCoreStore
    - RxSwift

SPEC CHECKSUMS:
  CoreStore: 62a1eb5c5c33bf33a71acca8716f961d15d3e720
  PureLayout: f08c01b8dec00bb14a1fefa3de4c7d9c265df85e
  RxAtomic: d00e97c10db88c6f08540e0bf2752fc5a2404167
  RxCocoa: 477990dc3b4c3ff55fb0ac77e1cc06244e0aaec8
  RxCoreStore: 14c0e010f4b328c5c8270ddd6759c59e913da366
  RxSwift: 74c29b693c8e42b0f64400e8b06564575742d649

PODFILE CHECKSUM: 9c311a317f26fcac408dac571a2d7033c3ec9be0

COCOAPODS: 1.5.0
