// !$*UTF8*$!
{
	archiveVersion = 1;
	classes = {
	};
	objectVersion = 50;
	objects = {

/* Begin PBXBuildFile section */
		7DCCD4AC22249A1400722982 /* AppDelegate.swift in Sources */ = {isa = PBXBuildFile; fileRef = 7DCCD4AB22249A1400722982 /* AppDelegate.swift */; };
		7DCCD4AE22249A1400722982 /* FeatListViewController.swift in Sources */ = {isa = PBXBuildFile; fileRef = 7DCCD4AD22249A1400722982 /* FeatListViewController.swift */; };
		7DCCD4B122249A1400722982 /* Main.storyboard in Resources */ = {isa = PBXBuildFile; fileRef = 7DCCD4AF22249A1400722982 /* Main.storyboard */; };
		7DCCD4B322249A1600722982 /* Assets.xcassets in Resources */ = {isa = PBXBuildFile; fileRef = 7DCCD4B222249A1600722982 /* Assets.xcassets */; };
		7DCCD4B622249A1600722982 /* LaunchScreen.storyboard in Resources */ = {isa = PBXBuildFile; fileRef = 7DCCD4B422249A1600722982 /* LaunchScreen.storyboard */; };
		7DCCD4C022249F8700722982 /* FeatCardList.swift in Sources */ = {isa = PBXBuildFile; fileRef = 7DCCD4BF22249F8700722982 /* FeatCardList.swift */; };
/* End PBXBuildFile section */

/* Begin PBXFileReference section */
		7DCCD4A822249A1400722982 /* FeatList.app */ = {isa = PBXFileReference; explicitFileType = wrapper.application; includeInIndex = 0; path = FeatList.app; sourceTree = BUILT_PRODUCTS_DIR; };
		7DCCD4AB22249A1400722982 /* AppDelegate.swift */ = {isa = PBXFileReference; lastKnownFileType = sourcecode.swift; path = AppDelegate.swift; sourceTree = "<group>"; };
		7DCCD4AD22249A1400722982 /* FeatListViewController.swift */ = {isa = PBXFileReference; lastKnownFileType = sourcecode.swift; path = FeatListViewController.swift; sourceTree = "<group>"; };
		7DCCD4B022249A1400722982 /* Base */ = {isa = PBXFileReference; lastKnownFileType = file.storyboard; name = Base; path = Base.lproj/Main.storyboard; sourceTree = "<group>"; };
		7DCCD4B222249A1600722982 /* Assets.xcassets */ = {isa = PBXFileReference; lastKnownFileType = folder.assetcatalog; path = Assets.xcassets; sourceTree = "<group>"; };
		7DCCD4B522249A1600722982 /* Base */ = {isa = PBXFileReference; lastKnownFileType = file.storyboard; name = Base; path = Base.lproj/LaunchScreen.storyboard; sourceTree = "<group>"; };
		7DCCD4B722249A1600722982 /* Info.plist */ = {isa = PBXFileReference; lastKnownFileType = text.plist.xml; path = Info.plist; sourceTree = "<group>"; };
		7DCCD4BF22249F8700722982 /* FeatCardList.swift */ = {isa = PBXFileReference; lastKnownFileType = sourcecode.swift; path = FeatCardList.swift; sourceTree = "<group>"; };
/* End PBXFileReference section */

/* Begin PBXFrameworksBuildPhase section */
		7DCCD4A522249A1400722982 /* Frameworks */ = {
			isa = PBXFrameworksBuildPhase;
			buildActionMask = 2147483647;
			files = (
			);
			runOnlyForDeploymentPostprocessing = 0;
		};
/* End PBXFrameworksBuildPhase section */

/* Begin PBXGroup section */
		7DCCD49F22249A1400722982 = {
			isa = PBXGroup;
			children = (
				7DCCD4AA22249A1400722982 /* FeatList */,
				7DCCD4A922249A1400722982 /* Products */,
			);
			sourceTree = "<group>";
		};
		7DCCD4A922249A1400722982 /* Products */ = {
			isa = PBXGroup;
			children = (
				7DCCD4A822249A1400722982 /* FeatList.app */,
			);
			name = Products;
			sourceTree = "<group>";
		};
		7DCCD4AA22249A1400722982 /* FeatList */ = {
			isa = PBXGroup;
			children = (
				7DCCD4AB22249A1400722982 /* AppDelegate.swift */,
				7DCCD4AD22249A1400722982 /* FeatListViewController.swift */,
				7DCCD4BF22249F8700722982 /* FeatCardList.swift */,
				7DCCD4AF22249A1400722982 /* Main.storyboard */,
				7DCCD4B222249A1600722982 /* Assets.xcassets */,
				7DCCD4B422249A1600722982 /* LaunchScreen.storyboard */,
				7DCCD4B722249A1600722982 /* Info.plist */,
			);
			path = FeatList;
			sourceTree = "<group>";
		};
/* End PBXGroup section */

/* Begin PBXNativeTarget section */
		7DCCD4A722249A1400722982 /* FeatList */ = {
			isa = PBXNativeTarget;
			buildConfigurationList = 7DCCD4BA22249A1600722982 /* Build configuration list for PBXNativeTarget "FeatList" */;
			buildPhases = (
				7DCCD4A422249A1400722982 /* Sources */,
				7DCCD4A522249A1400722982 /* Frameworks */,
				7DCCD4A622249A1400722982 /* Resources */,
			);
			buildRules = (
			);
			dependencies = (
			);
			name = FeatList;
			productName = FeatList;
			productReference = 7DCCD4A822249A1400722982 /* FeatList.app */;
			productType = "com.apple.product-type.application";
		};
/* End PBXNativeTarget section */

/* Begin PBXProject section */
		7DCCD4A022249A1400722982 /* Project object */ = {
			isa = PBXProject;
			attributes = {
				LastSwiftUpdateCheck = 1010;
				LastUpgradeCheck = 1010;
				ORGANIZATIONNAME = atakan;
				TargetAttributes = {
					7DCCD4A722249A1400722982 = {
						CreatedOnToolsVersion = 10.1;
					};
				};
			};
			buildConfigurationList = 7DCCD4A322249A1400722982 /* Build configuration list for PBXProject "FeatList" */;
			compatibilityVersion = "Xcode 9.3";
			developmentRegion = en;
			hasScannedForEncodings = 0;
			knownRegions = (
				en,
				Base,
			);
			mainGroup = 7DCCD49F22249A1400722982;
			productRefGroup = 7DCCD4A922249A1400722982 /* Products */;
			projectDirPath = "";
			projectRoot = "";
			targets = (
				7DCCD4A722249A1400722982 /* FeatList */,
			);
		};
/* End PBXProject section */

/* Begin PBXResourcesBuildPhase section */
		7DCCD4A622249A1400722982 /* Resources */ = {
			isa = PBXResourcesBuildPhase;
			buildActionMask = 2147483647;
			files = (
				7DCCD4B622249A1600722982 /* LaunchScreen.storyboard in Resources */,
				7DCCD4B322249A1600722982 /* Assets.xcassets in Resources */,
				7DCCD4B122249A1400722982 /* Main.storyboard in Resources */,
			);
			runOnlyForDeploymentPostprocessing = 0;
		};
/* End PBXResourcesBuildPhase section */

/* Begin PBXSourcesBuildPhase section */
		7DCCD4A422249A1400722982 /* Sources */ = {
			isa = PBXSourcesBuildPhase;
			buildActionMask = 2147483647;
			files = (
				7DCCD4AE22249A1400722982 /* FeatListViewController.swift in Sources */,
				7DCCD4AC22249A1400722982 /* AppDelegate.swift in Sources */,
				7DCCD4C022249F8700722982 /* FeatCardList.swift in Sources */,
			);
			runOnlyForDeploymentPostprocessing = 0;
		};
/* End PBXSourcesBuildPhase section */

/* Begin PBXVariantGroup section */
		7DCCD4AF22249A1400722982 /* Main.storyboard */ = {
			isa = PBXVariantGroup;
			children = (
				7DCCD4B022249A1400722982 /* Base */,
			);
			name = Main.storyboard;
			sourceTree = "<group>";
		};
		7DCCD4B422249A1600722982 /* LaunchScreen.storyboard */ = {
			isa = PBXVariantGroup;
			children = (
				7DCCD4B522249A1600722982 /* Base */,
			);
			name = LaunchScreen.storyboard;
			sourceTree = "<group>";
		};
/* End PBXVariantGroup section */

/* Begin XCBuildConfiguration section */
		7DCCD4B822249A1600722982 /* Debug */ = {
			isa = XCBuildConfiguration;
			buildSettings = {
				ALWAYS_SEARCH_USER_PATHS = NO;
				CLANG_ANALYZER_NONNULL = YES;
				CLANG_ANALYZER_NUMBER_OBJECT_CONVERSION = YES_AGGRESSIVE;
				CLANG_CXX_LANGUAGE_STANDARD = "gnu++14";
				CLANG_CXX_LIBRARY = "libc++";
				CLANG_ENABLE_MODULES = YES;
				CLANG_ENABLE_OBJC_ARC = YES;
				CLANG_ENABLE_OBJC_WEAK = YES;
				CLANG_WARN_BLOCK_CAPTURE_AUTORELEASING = YES;
				CLANG_WARN_BOOL_CONVERSION = YES;
				CLANG_WARN_COMMA = YES;
				CLANG_WARN_CONSTANT_CONVERSION = YES;
				CLANG_WARN_DEPRECATED_OBJC_IMPLEMENTATIONS = YES;
				CLANG_WARN_DIRECT_OBJC_ISA_USAGE = YES_ERROR;
				CLANG_WARN_DOCUMENTATION_COMMENTS = YES;
				CLANG_WARN_EMPTY_BODY = YES;
				CLANG_WARN_ENUM_CONVERSION = YES;
				CLANG_WARN_INFINITE_RECURSION = YES;
				CLANG_WARN_INT_CONVERSION = YES;
				CLANG_WARN_NON_LITERAL_NULL_CONVERSION = YES;
				CLANG_WARN_OBJC_IMPLICIT_RETAIN_SELF = YES;
				CLANG_WARN_OBJC_LITERAL_CONVERSION = YES;
				CLANG_WARN_OBJC_ROOT_CLASS = YES_ERROR;
				CLANG_WARN_RANGE_LOOP_ANALYSIS = YES;
				CLANG_WARN_STRICT_PROTOTYPES = YES;
				CLANG_WARN_SUSPICIOUS_MOVE = YES;
				CLANG_WARN_UNGUARDED_AVAILABILITY = YES_AGGRESSIVE;
				CLANG_WARN_UNREACHABLE_CODE = YES;
				CLANG_WARN__DUPLICATE_METHOD_MATCH = YES;
				CODE_SIGN_IDENTITY = "iPhone Developer";
				COPY_PHASE_STRIP = NO;
				DEBUG_INFORMATION_FORMAT = dwarf;
				ENABLE_STRICT_OBJC_MSGSEND = YES;
				ENABLE_TESTABILITY = YES;
				GCC_C_LANGUAGE_STANDARD = gnu11;
				GCC_DYNAMIC_NO_PIC = NO;
				GCC_NO_COMMON_BLOCKS = YES;
				GCC_OPTIMIZATION_LEVEL = 0;
				GCC_PREPROCESSOR_DEFINITIONS = (
					"DEBUG=1",
					"$(inherited)",
				);
				GCC_WARN_64_TO_32_BIT_CONVERSION = YES;
				GCC_WARN_ABOUT_RETURN_TYPE = YES_ERROR;
				GCC_WARN_UNDECLARED_SELECTOR = YES;
				GCC_WARN_UNINITIALIZED_AUTOS = YES_AGGRESSIVE;
				GCC_WARN_UNUSED_FUNCTION = YES;
				GCC_WARN_UNUSED_VARIABLE = YES;
				IPHONEOS_DEPLOYMENT_TARGET = 12.1;
				MTL_ENABLE_DEBUG_INFO = INCLUDE_SOURCE;
				MTL_FAST_MATH = YES;
				ONLY_ACTIVE_ARCH = YES;
				SDKROOT = iphoneos;
				SWIFT_ACTIVE_COMPILATION_CONDITIONS = DEBUG;
				SWIFT_OPTIMIZATION_LEVEL = "-Onone";
			};
			name = Debug;
		};
		7DCCD4B922249A1600722982 /* Release */ = {
			isa = XCBuildConfiguration;
			buildSettings = {
				ALWAYS_SEARCH_USER_PATHS = NO;
				CLANG_ANALYZER_NONNULL = YES;
				CLANG_ANALYZER_NUMBER_OBJECT_CONVERSION = YES_AGGRESSIVE;
				CLANG_CXX_LANGUAGE_STANDARD = "gnu++14";
				CLANG_CXX_LIBRARY = "libc++";
				CLANG_ENABLE_MODULES = YES;
				CLANG_ENABLE_OBJC_ARC = YES;
				CLANG_ENABLE_OBJC_WEAK = YES;
				CLANG_WARN_BLOCK_CAPTURE_AUTORELEASING = YES;
				CLANG_WARN_BOOL_CONVERSION = YES;
				CLANG_WARN_COMMA = YES;
				CLANG_WARN_CONSTANT_CONVERSION = YES;
				CLANG_WARN_DEPRECATED_OBJC_IMPLEMENTATIONS = YES;
				CLANG_WARN_DIRECT_OBJC_ISA_USAGE = YES_ERROR;
				CLANG_WARN_DOCUMENTATION_COMMENTS = YES;
				CLANG_WARN_EMPTY_BODY = YES;
				CLANG_WARN_ENUM_CONVERSION = YES;
				CLANG_WARN_INFINITE_RECURSION = YES;
				CLANG_WARN_INT_CONVERSION = YES;
				CLANG_WARN_NON_LITERAL_NULL_CONVERSION = YES;
				CLANG_WARN_OBJC_IMPLICIT_RETAIN_SELF = YES;
				CLANG_WARN_OBJC_LITERAL_CONVERSION = YES;
				CLANG_WARN_OBJC_ROOT_CLASS = YES_ERROR;
				CLANG_WARN_RANGE_LOOP_ANALYSIS = YES;
				CLANG_WARN_STRICT_PROTOTYPES = YES;
				CLANG_WARN_SUSPICIOUS_MOVE = YES;
				CLANG_WARN_UNGUARDED_AVAILABILITY = YES_AGGRESSIVE;
				CLANG_WARN_UNREACHABLE_CODE = YES;
				CLANG_WARN__DUPLICATE_METHOD_MATCH = YES;
				CODE_SIGN_IDENTITY = "iPhone Developer";
				COPY_PHASE_STRIP = NO;
				DEBUG_INFORMATION_FORMAT = "dwarf-with-dsym";
				ENABLE_NS_ASSERTIONS = NO;
				ENABLE_STRICT_OBJC_MSGSEND = YES;
				GCC_C_LANGUAGE_STANDARD = gnu11;
				GCC_NO_COMMON_BLOCKS = YES;
				GCC_WARN_64_TO_32_BIT_CONVERSION = YES;
				GCC_WARN_ABOUT_RETURN_TYPE = YES_ERROR;
				GCC_WARN_UNDECLARED_SELECTOR = YES;
				GCC_WARN_UNINITIALIZED_AUTOS = YES_AGGRESSIVE;
				GCC_WARN_UNUSED_FUNCTION = YES;
				GCC_WARN_UNUSED_VARIABLE = YES;
				IPHONEOS_DEPLOYMENT_TARGET = 12.1;
				MTL_ENABLE_DEBUG_INFO = NO;
				MTL_FAST_MATH = YES;
				SDKROOT = iphoneos;
				SWIFT_COMPILATION_MODE = wholemodule;
				SWIFT_OPTIMIZATION_LEVEL = "-O";
				VALIDATE_PRODUCT = YES;
			};
			name = Release;
		};
		7DCCD4BB22249A1600722982 /* Debug */ = {
			isa = XCBuildConfiguration;
			buildSettings = {
				ASSETCATALOG_COMPILER_APPICON_NAME = AppIcon;
				CODE_SIGN_STYLE = Automatic;
				DEVELOPMENT_TEAM = F8S46T9XAN;
				INFOPLIST_FILE = FeatList/Info.plist;
				LD_RUNPATH_SEARCH_PATHS = (
					"$(inherited)",
					"@executable_path/Frameworks",
				);
				PRODUCT_BUNDLE_IDENTIFIER = me.atkn.FeatList;
				PRODUCT_NAME = "$(TARGET_NAME)";
				SWIFT_VERSION = 4.2;
				TARGETED_DEVICE_FAMILY = "1,2";
			};
			name = Debug;
		};
		7DCCD4BC22249A1600722982 /* Release */ = {
			isa = XCBuildConfiguration;
			buildSettings = {
				ASSETCATALOG_COMPILER_APPICON_NAME = AppIcon;
				CODE_SIGN_STYLE = Automatic;
				DEVELOPMENT_TEAM = F8S46T9XAN;
				INFOPLIST_FILE = FeatList/Info.plist;
				LD_RUNPATH_SEARCH_PATHS = (
					"$(inherited)",
					"@executable_path/Frameworks",
				);
				PRODUCT_BUNDLE_IDENTIFIER = me.atkn.FeatList;
				PRODUCT_NAME = "$(TARGET_NAME)";
				SWIFT_VERSION = 4.2;
				TARGETED_DEVICE_FAMILY = "1,2";
			};
			name = Release;
		};
/* End XCBuildConfiguration section */

/* Begin XCConfigurationList section */
		7DCCD4A322249A1400722982 /* Build configuration list for PBXProject "FeatList" */ = {
			isa = XCConfigurationList;
			buildConfigurations = (
				7DCCD4B822249A1600722982 /* Debug */,
				7DCCD4B922249A1600722982 /* Release */,
			);
			defaultConfigurationIsVisible = 0;
			defaultConfigurationName = Release;
		};
		7DCCD4BA22249A1600722982 /* Build configuration list for PBXNativeTarget "FeatList" */ = {
			isa = XCConfigurationList;
			buildConfigurations = (
				7DCCD4BB22249A1600722982 /* Debug */,
				7DCCD4BC22249A1600722982 /* Release */,
			);
			defaultConfigurationIsVisible = 0;
			defaultConfigurationName = Release;
		};
/* End XCConfigurationList section */
	};
	rootObject = 7DCCD4A022249A1400722982 /* Project object */;
}
