// !$*UTF8*$!
{
	archiveVersion = 1;
	classes = {
	};
	objectVersion = 50;
	objects = {

/* Begin PBXBuildFile section */
		662DB7977F1D0712A1E97EC8 /* Pods_d12Spellbook.framework in Frameworks */ = {isa = PBXBuildFile; fileRef = E043B01C7A0719690A47D8E8 /* Pods_d12Spellbook.framework */; };
		7D075B79222A00610078D4BF /* FeatsPathfinderCommunity221118.json in Resources */ = {isa = PBXBuildFile; fileRef = 7D075B78222A00610078D4BF /* FeatsPathfinderCommunity221118.json */; };
		7D075B7D222A06350078D4BF /* Int+asBool.swift in Sources */ = {isa = PBXBuildFile; fileRef = 7D075B7C222A06350078D4BF /* Int+asBool.swift */; };
		7D075B83222C3FE60078D4BF /* FeatDataModelPfCommunity.swift in Sources */ = {isa = PBXBuildFile; fileRef = 7D075B82222C3FE60078D4BF /* FeatDataModelPfCommunity.swift */; };
		7D075B85222C40370078D4BF /* FeatDataViewModel.swift in Sources */ = {isa = PBXBuildFile; fileRef = 7D075B84222C40370078D4BF /* FeatDataViewModel.swift */; };
		7D1813F42239D9A100D70356 /* String+CapitilizingFirstLetter.swift in Sources */ = {isa = PBXBuildFile; fileRef = 7D1813F32239D9A100D70356 /* String+CapitilizingFirstLetter.swift */; };
		7D5E31452236FBFE00EDB101 /* FeatSourceListTableViewCell.swift in Sources */ = {isa = PBXBuildFile; fileRef = 7D5E31442236FBFE00EDB101 /* FeatSourceListTableViewCell.swift */; };
		7D5E31492236FCA300EDB101 /* FeatSourcePickerViewController.swift in Sources */ = {isa = PBXBuildFile; fileRef = 7D5E31482236FCA300EDB101 /* FeatSourcePickerViewController.swift */; };
		7D77A312223B38A800F8FAFD /* SpellsData22Nov2018.json in Resources */ = {isa = PBXBuildFile; fileRef = 7D77A311223B38A800F8FAFD /* SpellsData22Nov2018.json */; };
		7D77A314223B3FB800F8FAFD /* SpellDataModelPfCommunity.swift in Sources */ = {isa = PBXBuildFile; fileRef = 7D77A313223B3FB800F8FAFD /* SpellDataModelPfCommunity.swift */; };
		7D77A318223F137B00F8FAFD /* DataController.swift in Sources */ = {isa = PBXBuildFile; fileRef = 7D77A317223F137B00F8FAFD /* DataController.swift */; };
		7DA3CB4B2230BCBF002A5B0D /* UIViewController+hideKeyboardOnTouch.swift in Sources */ = {isa = PBXBuildFile; fileRef = 7DA3CB4A2230BCBF002A5B0D /* UIViewController+hideKeyboardOnTouch.swift */; };
		7DC31B052225E8C9009D8D72 /* FeatCardDetailViewController.swift in Sources */ = {isa = PBXBuildFile; fileRef = 7DC31B042225E8C9009D8D72 /* FeatCardDetailViewController.swift */; };
		7DC54B092233E7D900E2610A /* FeatDataController.swift in Sources */ = {isa = PBXBuildFile; fileRef = 7DC54B082233E7D900E2610A /* FeatDataController.swift */; };
		7DCCABDF22385F20007C7E1F /* Sequence+Unique.swift in Sources */ = {isa = PBXBuildFile; fileRef = 7DCCABDE22385F20007C7E1F /* Sequence+Unique.swift */; };
		7DCCD4AC22249A1400722982 /* AppDelegate.swift in Sources */ = {isa = PBXBuildFile; fileRef = 7DCCD4AB22249A1400722982 /* AppDelegate.swift */; };
		7DCCD4AE22249A1400722982 /* FeatListViewController.swift in Sources */ = {isa = PBXBuildFile; fileRef = 7DCCD4AD22249A1400722982 /* FeatListViewController.swift */; };
		7DCCD4B122249A1400722982 /* Main.storyboard in Resources */ = {isa = PBXBuildFile; fileRef = 7DCCD4AF22249A1400722982 /* Main.storyboard */; };
		7DCCD4B322249A1600722982 /* Assets.xcassets in Resources */ = {isa = PBXBuildFile; fileRef = 7DCCD4B222249A1600722982 /* Assets.xcassets */; };
		7DCCD4B622249A1600722982 /* LaunchScreen.storyboard in Resources */ = {isa = PBXBuildFile; fileRef = 7DCCD4B422249A1600722982 /* LaunchScreen.storyboard */; };
		7DCCD4C22224A61E00722982 /* FeatListTableViewCell.swift in Sources */ = {isa = PBXBuildFile; fileRef = 7DCCD4C12224A61E00722982 /* FeatListTableViewCell.swift */; };
		7DE78FFF22498B02003BC44A /* SpellDataViewModel.swift in Sources */ = {isa = PBXBuildFile; fileRef = 7DE78FFE22498B02003BC44A /* SpellDataViewModel.swift */; };
		7DE790012249983B003BC44A /* EntryViewController.swift in Sources */ = {isa = PBXBuildFile; fileRef = 7DE790002249983B003BC44A /* EntryViewController.swift */; };
		7DE7900322499AC2003BC44A /* SpellListViewController.swift in Sources */ = {isa = PBXBuildFile; fileRef = 7DE7900222499AC2003BC44A /* SpellListViewController.swift */; };
		7DE790052249A3EA003BC44A /* SpellListTableViewCell.swift in Sources */ = {isa = PBXBuildFile; fileRef = 7DE790042249A3EA003BC44A /* SpellListTableViewCell.swift */; };
/* End PBXBuildFile section */

/* Begin PBXFileReference section */
		70FA879BC2F8B6C60E74A7F9 /* Pods-d12Spellbook.release.xcconfig */ = {isa = PBXFileReference; includeInIndex = 1; lastKnownFileType = text.xcconfig; name = "Pods-d12Spellbook.release.xcconfig"; path = "Pods/Target Support Files/Pods-d12Spellbook/Pods-d12Spellbook.release.xcconfig"; sourceTree = "<group>"; };
		7D075B78222A00610078D4BF /* FeatsPathfinderCommunity221118.json */ = {isa = PBXFileReference; fileEncoding = 4; lastKnownFileType = text.json; path = FeatsPathfinderCommunity221118.json; sourceTree = "<group>"; };
		7D075B7C222A06350078D4BF /* Int+asBool.swift */ = {isa = PBXFileReference; lastKnownFileType = sourcecode.swift; path = "Int+asBool.swift"; sourceTree = "<group>"; };
		7D075B82222C3FE60078D4BF /* FeatDataModelPfCommunity.swift */ = {isa = PBXFileReference; lastKnownFileType = sourcecode.swift; path = FeatDataModelPfCommunity.swift; sourceTree = "<group>"; };
		7D075B84222C40370078D4BF /* FeatDataViewModel.swift */ = {isa = PBXFileReference; lastKnownFileType = sourcecode.swift; path = FeatDataViewModel.swift; sourceTree = "<group>"; };
		7D1813F32239D9A100D70356 /* String+CapitilizingFirstLetter.swift */ = {isa = PBXFileReference; lastKnownFileType = sourcecode.swift; path = "String+CapitilizingFirstLetter.swift"; sourceTree = "<group>"; };
		7D5E31442236FBFE00EDB101 /* FeatSourceListTableViewCell.swift */ = {isa = PBXFileReference; lastKnownFileType = sourcecode.swift; path = FeatSourceListTableViewCell.swift; sourceTree = "<group>"; };
		7D5E31482236FCA300EDB101 /* FeatSourcePickerViewController.swift */ = {isa = PBXFileReference; lastKnownFileType = sourcecode.swift; path = FeatSourcePickerViewController.swift; sourceTree = "<group>"; };
		7D77A311223B38A800F8FAFD /* SpellsData22Nov2018.json */ = {isa = PBXFileReference; fileEncoding = 4; lastKnownFileType = text.json; path = SpellsData22Nov2018.json; sourceTree = "<group>"; };
		7D77A313223B3FB800F8FAFD /* SpellDataModelPfCommunity.swift */ = {isa = PBXFileReference; lastKnownFileType = sourcecode.swift; path = SpellDataModelPfCommunity.swift; sourceTree = "<group>"; };
		7D77A317223F137B00F8FAFD /* DataController.swift */ = {isa = PBXFileReference; lastKnownFileType = sourcecode.swift; path = DataController.swift; sourceTree = "<group>"; };
		7DA3CB4A2230BCBF002A5B0D /* UIViewController+hideKeyboardOnTouch.swift */ = {isa = PBXFileReference; lastKnownFileType = sourcecode.swift; path = "UIViewController+hideKeyboardOnTouch.swift"; sourceTree = "<group>"; };
		7DC31B042225E8C9009D8D72 /* FeatCardDetailViewController.swift */ = {isa = PBXFileReference; lastKnownFileType = sourcecode.swift; path = FeatCardDetailViewController.swift; sourceTree = "<group>"; };
		7DC54B082233E7D900E2610A /* FeatDataController.swift */ = {isa = PBXFileReference; lastKnownFileType = sourcecode.swift; path = FeatDataController.swift; sourceTree = "<group>"; };
		7DCCABDE22385F20007C7E1F /* Sequence+Unique.swift */ = {isa = PBXFileReference; lastKnownFileType = sourcecode.swift; path = "Sequence+Unique.swift"; sourceTree = "<group>"; };
		7DCCD4A822249A1400722982 /* d12Spellbook.app */ = {isa = PBXFileReference; explicitFileType = wrapper.application; includeInIndex = 0; path = d12Spellbook.app; sourceTree = BUILT_PRODUCTS_DIR; };
		7DCCD4AB22249A1400722982 /* AppDelegate.swift */ = {isa = PBXFileReference; lastKnownFileType = sourcecode.swift; path = AppDelegate.swift; sourceTree = "<group>"; };
		7DCCD4AD22249A1400722982 /* FeatListViewController.swift */ = {isa = PBXFileReference; lastKnownFileType = sourcecode.swift; path = FeatListViewController.swift; sourceTree = "<group>"; };
		7DCCD4B022249A1400722982 /* Base */ = {isa = PBXFileReference; lastKnownFileType = file.storyboard; name = Base; path = Base.lproj/Main.storyboard; sourceTree = "<group>"; };
		7DCCD4B222249A1600722982 /* Assets.xcassets */ = {isa = PBXFileReference; lastKnownFileType = folder.assetcatalog; path = Assets.xcassets; sourceTree = "<group>"; };
		7DCCD4B522249A1600722982 /* Base */ = {isa = PBXFileReference; lastKnownFileType = file.storyboard; name = Base; path = Base.lproj/LaunchScreen.storyboard; sourceTree = "<group>"; };
		7DCCD4B722249A1600722982 /* Info.plist */ = {isa = PBXFileReference; lastKnownFileType = text.plist.xml; path = Info.plist; sourceTree = "<group>"; };
		7DCCD4C12224A61E00722982 /* FeatListTableViewCell.swift */ = {isa = PBXFileReference; lastKnownFileType = sourcecode.swift; path = FeatListTableViewCell.swift; sourceTree = "<group>"; };
		7DE78FFE22498B02003BC44A /* SpellDataViewModel.swift */ = {isa = PBXFileReference; lastKnownFileType = sourcecode.swift; path = SpellDataViewModel.swift; sourceTree = "<group>"; };
		7DE790002249983B003BC44A /* EntryViewController.swift */ = {isa = PBXFileReference; lastKnownFileType = sourcecode.swift; path = EntryViewController.swift; sourceTree = "<group>"; };
		7DE7900222499AC2003BC44A /* SpellListViewController.swift */ = {isa = PBXFileReference; lastKnownFileType = sourcecode.swift; path = SpellListViewController.swift; sourceTree = "<group>"; };
		7DE790042249A3EA003BC44A /* SpellListTableViewCell.swift */ = {isa = PBXFileReference; lastKnownFileType = sourcecode.swift; path = SpellListTableViewCell.swift; sourceTree = "<group>"; };
		E043B01C7A0719690A47D8E8 /* Pods_d12Spellbook.framework */ = {isa = PBXFileReference; explicitFileType = wrapper.framework; includeInIndex = 0; path = Pods_d12Spellbook.framework; sourceTree = BUILT_PRODUCTS_DIR; };
		F29E2D06FDC98452E64A10C4 /* Pods-d12Spellbook.debug.xcconfig */ = {isa = PBXFileReference; includeInIndex = 1; lastKnownFileType = text.xcconfig; name = "Pods-d12Spellbook.debug.xcconfig"; path = "Pods/Target Support Files/Pods-d12Spellbook/Pods-d12Spellbook.debug.xcconfig"; sourceTree = "<group>"; };
/* End PBXFileReference section */

/* Begin PBXFrameworksBuildPhase section */
		7DCCD4A522249A1400722982 /* Frameworks */ = {
			isa = PBXFrameworksBuildPhase;
			buildActionMask = 2147483647;
			files = (
				662DB7977F1D0712A1E97EC8 /* Pods_d12Spellbook.framework in Frameworks */,
			);
			runOnlyForDeploymentPostprocessing = 0;
		};
/* End PBXFrameworksBuildPhase section */

/* Begin PBXGroup section */
		7D8C0B92222F32BD000CA55E /* ViewModel */ = {
			isa = PBXGroup;
			children = (
				7D075B84222C40370078D4BF /* FeatDataViewModel.swift */,
				7DE78FFE22498B02003BC44A /* SpellDataViewModel.swift */,
			);
			path = ViewModel;
			sourceTree = "<group>";
		};
		7D8C0B93222F32CC000CA55E /* Model */ = {
			isa = PBXGroup;
			children = (
				7D075B82222C3FE60078D4BF /* FeatDataModelPfCommunity.swift */,
				7D77A313223B3FB800F8FAFD /* SpellDataModelPfCommunity.swift */,
			);
			path = Model;
			sourceTree = "<group>";
		};
		7D8C0B94222F32F6000CA55E /* Utilities */ = {
			isa = PBXGroup;
			children = (
				7D075B7C222A06350078D4BF /* Int+asBool.swift */,
				7DCCABDE22385F20007C7E1F /* Sequence+Unique.swift */,
				7D1813F32239D9A100D70356 /* String+CapitilizingFirstLetter.swift */,
				7DA3CB4A2230BCBF002A5B0D /* UIViewController+hideKeyboardOnTouch.swift */,
			);
			path = Utilities;
			sourceTree = "<group>";
		};
		7D8C0B95222F3307000CA55E /* Resource */ = {
			isa = PBXGroup;
			children = (
				7D075B78222A00610078D4BF /* FeatsPathfinderCommunity221118.json */,
				7D77A311223B38A800F8FAFD /* SpellsData22Nov2018.json */,
			);
			path = Resource;
			sourceTree = "<group>";
		};
		7D8C0B96222F331E000CA55E /* Controller */ = {
			isa = PBXGroup;
			children = (
				7DC31B042225E8C9009D8D72 /* FeatCardDetailViewController.swift */,
				7D5E31442236FBFE00EDB101 /* FeatSourceListTableViewCell.swift */,
				7DC54B082233E7D900E2610A /* FeatDataController.swift */,
				7DE7900222499AC2003BC44A /* SpellListViewController.swift */,
				7D5E31482236FCA300EDB101 /* FeatSourcePickerViewController.swift */,
				7DE790042249A3EA003BC44A /* SpellListTableViewCell.swift */,
				7DCCD4C12224A61E00722982 /* FeatListTableViewCell.swift */,
				7DCCD4AD22249A1400722982 /* FeatListViewController.swift */,
				7DE790002249983B003BC44A /* EntryViewController.swift */,
				7D77A317223F137B00F8FAFD /* DataController.swift */,
			);
			path = Controller;
			sourceTree = "<group>";
		};
		7D8C0B97222F333A000CA55E /* Supporting Files */ = {
			isa = PBXGroup;
			children = (
				7DCCD4B222249A1600722982 /* Assets.xcassets */,
				7DCCD4AF22249A1400722982 /* Main.storyboard */,
				7DCCD4B422249A1600722982 /* LaunchScreen.storyboard */,
				7DCCD4AB22249A1400722982 /* AppDelegate.swift */,
			);
			path = "Supporting Files";
			sourceTree = "<group>";
		};
		7DCCD49F22249A1400722982 = {
			isa = PBXGroup;
			children = (
				7DCCD4AA22249A1400722982 /* d12Spellbook */,
				7DCCD4A922249A1400722982 /* Products */,
				FFFA5016FAA17D6AB2F97650 /* Pods */,
				98D97F672975EC52B2728896 /* Frameworks */,
			);
			sourceTree = "<group>";
		};
		7DCCD4A922249A1400722982 /* Products */ = {
			isa = PBXGroup;
			children = (
				7DCCD4A822249A1400722982 /* d12Spellbook.app */,
			);
			name = Products;
			sourceTree = "<group>";
		};
		7DCCD4AA22249A1400722982 /* d12Spellbook */ = {
			isa = PBXGroup;
			children = (
				7DCCD4B722249A1600722982 /* Info.plist */,
				7D8C0B97222F333A000CA55E /* Supporting Files */,
				7D8C0B96222F331E000CA55E /* Controller */,
				7D8C0B92222F32BD000CA55E /* ViewModel */,
				7D8C0B93222F32CC000CA55E /* Model */,
				7D8C0B94222F32F6000CA55E /* Utilities */,
				7D8C0B95222F3307000CA55E /* Resource */,
			);
			path = d12Spellbook;
			sourceTree = "<group>";
		};
		98D97F672975EC52B2728896 /* Frameworks */ = {
			isa = PBXGroup;
			children = (
				E043B01C7A0719690A47D8E8 /* Pods_d12Spellbook.framework */,
			);
			name = Frameworks;
			sourceTree = "<group>";
		};
		FFFA5016FAA17D6AB2F97650 /* Pods */ = {
			isa = PBXGroup;
			children = (
				F29E2D06FDC98452E64A10C4 /* Pods-d12Spellbook.debug.xcconfig */,
				70FA879BC2F8B6C60E74A7F9 /* Pods-d12Spellbook.release.xcconfig */,
			);
			name = Pods;
			sourceTree = "<group>";
		};
/* End PBXGroup section */

/* Begin PBXNativeTarget section */
		7DCCD4A722249A1400722982 /* d12Spellbook */ = {
			isa = PBXNativeTarget;
			buildConfigurationList = 7DCCD4BA22249A1600722982 /* Build configuration list for PBXNativeTarget "d12Spellbook" */;
			buildPhases = (
				180D08486416753C1CD953FF /* [CP] Check Pods Manifest.lock */,
				7DCCD4A422249A1400722982 /* Sources */,
				7DCCD4A522249A1400722982 /* Frameworks */,
				7DCCD4A622249A1400722982 /* Resources */,
				6F7B7497DDE8D2AE25445C5D /* [CP] Embed Pods Frameworks */,
			);
			buildRules = (
			);
			dependencies = (
			);
			name = d12Spellbook;
			productName = FeatList;
			productReference = 7DCCD4A822249A1400722982 /* d12Spellbook.app */;
			productType = "com.apple.product-type.application";
		};
/* End PBXNativeTarget section */

/* Begin PBXProject section */
		7DCCD4A022249A1400722982 /* Project object */ = {
			isa = PBXProject;
			attributes = {
				LastSwiftUpdateCheck = 1010;
				LastUpgradeCheck = 1010;
				ORGANIZATIONNAME = atakan;
				TargetAttributes = {
					7DCCD4A722249A1400722982 = {
						CreatedOnToolsVersion = 10.1;
					};
				};
			};
			buildConfigurationList = 7DCCD4A322249A1400722982 /* Build configuration list for PBXProject "d12Spellbook" */;
			compatibilityVersion = "Xcode 9.3";
			developmentRegion = en;
			hasScannedForEncodings = 0;
			knownRegions = (
				en,
				Base,
			);
			mainGroup = 7DCCD49F22249A1400722982;
			productRefGroup = 7DCCD4A922249A1400722982 /* Products */;
			projectDirPath = "";
			projectRoot = "";
			targets = (
				7DCCD4A722249A1400722982 /* d12Spellbook */,
			);
		};
/* End PBXProject section */

/* Begin PBXResourcesBuildPhase section */
		7DCCD4A622249A1400722982 /* Resources */ = {
			isa = PBXResourcesBuildPhase;
			buildActionMask = 2147483647;
			files = (
				7D075B79222A00610078D4BF /* FeatsPathfinderCommunity221118.json in Resources */,
				7DCCD4B622249A1600722982 /* LaunchScreen.storyboard in Resources */,
				7DCCD4B322249A1600722982 /* Assets.xcassets in Resources */,
				7D77A312223B38A800F8FAFD /* SpellsData22Nov2018.json in Resources */,
				7DCCD4B122249A1400722982 /* Main.storyboard in Resources */,
			);
			runOnlyForDeploymentPostprocessing = 0;
		};
/* End PBXResourcesBuildPhase section */

/* Begin PBXShellScriptBuildPhase section */
		180D08486416753C1CD953FF /* [CP] Check Pods Manifest.lock */ = {
			isa = PBXShellScriptBuildPhase;
			buildActionMask = 2147483647;
			files = (
			);
			inputPaths = (
				"${PODS_PODFILE_DIR_PATH}/Podfile.lock",
				"${PODS_ROOT}/Manifest.lock",
			);
			name = "[CP] Check Pods Manifest.lock";
			outputPaths = (
				"$(DERIVED_FILE_DIR)/Pods-d12Spellbook-checkManifestLockResult.txt",
			);
			runOnlyForDeploymentPostprocessing = 0;
			shellPath = /bin/sh;
			shellScript = "diff \"${PODS_PODFILE_DIR_PATH}/Podfile.lock\" \"${PODS_ROOT}/Manifest.lock\" > /dev/null\nif [ $? != 0 ] ; then\n    # print error to STDERR\n    echo \"error: The sandbox is not in sync with the Podfile.lock. Run 'pod install' or update your CocoaPods installation.\" >&2\n    exit 1\nfi\n# This output is used by Xcode 'outputs' to avoid re-running this script phase.\necho \"SUCCESS\" > \"${SCRIPT_OUTPUT_FILE_0}\"\n";
			showEnvVarsInLog = 0;
		};
		6F7B7497DDE8D2AE25445C5D /* [CP] Embed Pods Frameworks */ = {
			isa = PBXShellScriptBuildPhase;
			buildActionMask = 2147483647;
			files = (
			);
			inputPaths = (
				"${SRCROOT}/Pods/Target Support Files/Pods-d12Spellbook/Pods-d12Spellbook-frameworks.sh",
				"${BUILT_PRODUCTS_DIR}/CoreStore/CoreStore.framework",
				"${BUILT_PRODUCTS_DIR}/PureLayout/PureLayout.framework",
				"${BUILT_PRODUCTS_DIR}/RxAtomic/RxAtomic.framework",
				"${BUILT_PRODUCTS_DIR}/RxCocoa/RxCocoa.framework",
				"${BUILT_PRODUCTS_DIR}/RxCoreStore/RxCoreStore.framework",
				"${BUILT_PRODUCTS_DIR}/RxSwift/RxSwift.framework",
			);
			name = "[CP] Embed Pods Frameworks";
			outputPaths = (
				"${TARGET_BUILD_DIR}/${FRAMEWORKS_FOLDER_PATH}/CoreStore.framework",
				"${TARGET_BUILD_DIR}/${FRAMEWORKS_FOLDER_PATH}/PureLayout.framework",
				"${TARGET_BUILD_DIR}/${FRAMEWORKS_FOLDER_PATH}/RxAtomic.framework",
				"${TARGET_BUILD_DIR}/${FRAMEWORKS_FOLDER_PATH}/RxCocoa.framework",
				"${TARGET_BUILD_DIR}/${FRAMEWORKS_FOLDER_PATH}/RxCoreStore.framework",
				"${TARGET_BUILD_DIR}/${FRAMEWORKS_FOLDER_PATH}/RxSwift.framework",
			);
			runOnlyForDeploymentPostprocessing = 0;
			shellPath = /bin/sh;
			shellScript = "\"${SRCROOT}/Pods/Target Support Files/Pods-d12Spellbook/Pods-d12Spellbook-frameworks.sh\"\n";
			showEnvVarsInLog = 0;
		};
/* End PBXShellScriptBuildPhase section */

/* Begin PBXSourcesBuildPhase section */
		7DCCD4A422249A1400722982 /* Sources */ = {
			isa = PBXSourcesBuildPhase;
			buildActionMask = 2147483647;
			files = (
				7D77A314223B3FB800F8FAFD /* SpellDataModelPfCommunity.swift in Sources */,
				7DE7900322499AC2003BC44A /* SpellListViewController.swift in Sources */,
				7DE790052249A3EA003BC44A /* SpellListTableViewCell.swift in Sources */,
				7DE790012249983B003BC44A /* EntryViewController.swift in Sources */,
				7D075B7D222A06350078D4BF /* Int+asBool.swift in Sources */,
				7DCCD4AE22249A1400722982 /* FeatListViewController.swift in Sources */,
				7D075B85222C40370078D4BF /* FeatDataViewModel.swift in Sources */,
				7DCCD4C22224A61E00722982 /* FeatListTableViewCell.swift in Sources */,
				7D5E31452236FBFE00EDB101 /* FeatSourceListTableViewCell.swift in Sources */,
				7DC31B052225E8C9009D8D72 /* FeatCardDetailViewController.swift in Sources */,
				7D1813F42239D9A100D70356 /* String+CapitilizingFirstLetter.swift in Sources */,
				7DA3CB4B2230BCBF002A5B0D /* UIViewController+hideKeyboardOnTouch.swift in Sources */,
				7DC54B092233E7D900E2610A /* FeatDataController.swift in Sources */,
				7DCCABDF22385F20007C7E1F /* Sequence+Unique.swift in Sources */,
				7DCCD4AC22249A1400722982 /* AppDelegate.swift in Sources */,
				7D77A318223F137B00F8FAFD /* DataController.swift in Sources */,
				7D5E31492236FCA300EDB101 /* FeatSourcePickerViewController.swift in Sources */,
				7D075B83222C3FE60078D4BF /* FeatDataModelPfCommunity.swift in Sources */,
				7DE78FFF22498B02003BC44A /* SpellDataViewModel.swift in Sources */,
			);
			runOnlyForDeploymentPostprocessing = 0;
		};
/* End PBXSourcesBuildPhase section */

/* Begin PBXVariantGroup section */
		7DCCD4AF22249A1400722982 /* Main.storyboard */ = {
			isa = PBXVariantGroup;
			children = (
				7DCCD4B022249A1400722982 /* Base */,
			);
			name = Main.storyboard;
			sourceTree = "<group>";
		};
		7DCCD4B422249A1600722982 /* LaunchScreen.storyboard */ = {
			isa = PBXVariantGroup;
			children = (
				7DCCD4B522249A1600722982 /* Base */,
			);
			name = LaunchScreen.storyboard;
			sourceTree = "<group>";
		};
/* End PBXVariantGroup section */

/* Begin XCBuildConfiguration section */
		7DCCD4B822249A1600722982 /* Debug */ = {
			isa = XCBuildConfiguration;
			buildSettings = {
				ALWAYS_SEARCH_USER_PATHS = NO;
				CLANG_ANALYZER_NONNULL = YES;
				CLANG_ANALYZER_NUMBER_OBJECT_CONVERSION = YES_AGGRESSIVE;
				CLANG_CXX_LANGUAGE_STANDARD = "gnu++14";
				CLANG_CXX_LIBRARY = "libc++";
				CLANG_ENABLE_MODULES = YES;
				CLANG_ENABLE_OBJC_ARC = YES;
				CLANG_ENABLE_OBJC_WEAK = YES;
				CLANG_WARN_BLOCK_CAPTURE_AUTORELEASING = YES;
				CLANG_WARN_BOOL_CONVERSION = YES;
				CLANG_WARN_COMMA = YES;
				CLANG_WARN_CONSTANT_CONVERSION = YES;
				CLANG_WARN_DEPRECATED_OBJC_IMPLEMENTATIONS = YES;
				CLANG_WARN_DIRECT_OBJC_ISA_USAGE = YES_ERROR;
				CLANG_WARN_DOCUMENTATION_COMMENTS = YES;
				CLANG_WARN_EMPTY_BODY = YES;
				CLANG_WARN_ENUM_CONVERSION = YES;
				CLANG_WARN_INFINITE_RECURSION = YES;
				CLANG_WARN_INT_CONVERSION = YES;
				CLANG_WARN_NON_LITERAL_NULL_CONVERSION = YES;
				CLANG_WARN_OBJC_IMPLICIT_RETAIN_SELF = YES;
				CLANG_WARN_OBJC_LITERAL_CONVERSION = YES;
				CLANG_WARN_OBJC_ROOT_CLASS = YES_ERROR;
				CLANG_WARN_RANGE_LOOP_ANALYSIS = YES;
				CLANG_WARN_STRICT_PROTOTYPES = YES;
				CLANG_WARN_SUSPICIOUS_MOVE = YES;
				CLANG_WARN_UNGUARDED_AVAILABILITY = YES_AGGRESSIVE;
				CLANG_WARN_UNREACHABLE_CODE = YES;
				CLANG_WARN__DUPLICATE_METHOD_MATCH = YES;
				CODE_SIGN_IDENTITY = "iPhone Developer";
				COPY_PHASE_STRIP = NO;
				DEBUG_INFORMATION_FORMAT = dwarf;
				ENABLE_STRICT_OBJC_MSGSEND = YES;
				ENABLE_TESTABILITY = YES;
				GCC_C_LANGUAGE_STANDARD = gnu11;
				GCC_DYNAMIC_NO_PIC = NO;
				GCC_NO_COMMON_BLOCKS = YES;
				GCC_OPTIMIZATION_LEVEL = 0;
				GCC_PREPROCESSOR_DEFINITIONS = (
					"DEBUG=1",
					"$(inherited)",
				);
				GCC_WARN_64_TO_32_BIT_CONVERSION = YES;
				GCC_WARN_ABOUT_RETURN_TYPE = YES_ERROR;
				GCC_WARN_UNDECLARED_SELECTOR = YES;
				GCC_WARN_UNINITIALIZED_AUTOS = YES_AGGRESSIVE;
				GCC_WARN_UNUSED_FUNCTION = YES;
				GCC_WARN_UNUSED_VARIABLE = YES;
				IPHONEOS_DEPLOYMENT_TARGET = 12.1;
				MTL_ENABLE_DEBUG_INFO = INCLUDE_SOURCE;
				MTL_FAST_MATH = YES;
				ONLY_ACTIVE_ARCH = YES;
				SDKROOT = iphoneos;
				SWIFT_ACTIVE_COMPILATION_CONDITIONS = DEBUG;
				SWIFT_OPTIMIZATION_LEVEL = "-Onone";
			};
			name = Debug;
		};
		7DCCD4B922249A1600722982 /* Release */ = {
			isa = XCBuildConfiguration;
			buildSettings = {
				ALWAYS_SEARCH_USER_PATHS = NO;
				CLANG_ANALYZER_NONNULL = YES;
				CLANG_ANALYZER_NUMBER_OBJECT_CONVERSION = YES_AGGRESSIVE;
				CLANG_CXX_LANGUAGE_STANDARD = "gnu++14";
				CLANG_CXX_LIBRARY = "libc++";
				CLANG_ENABLE_MODULES = YES;
				CLANG_ENABLE_OBJC_ARC = YES;
				CLANG_ENABLE_OBJC_WEAK = YES;
				CLANG_WARN_BLOCK_CAPTURE_AUTORELEASING = YES;
				CLANG_WARN_BOOL_CONVERSION = YES;
				CLANG_WARN_COMMA = YES;
				CLANG_WARN_CONSTANT_CONVERSION = YES;
				CLANG_WARN_DEPRECATED_OBJC_IMPLEMENTATIONS = YES;
				CLANG_WARN_DIRECT_OBJC_ISA_USAGE = YES_ERROR;
				CLANG_WARN_DOCUMENTATION_COMMENTS = YES;
				CLANG_WARN_EMPTY_BODY = YES;
				CLANG_WARN_ENUM_CONVERSION = YES;
				CLANG_WARN_INFINITE_RECURSION = YES;
				CLANG_WARN_INT_CONVERSION = YES;
				CLANG_WARN_NON_LITERAL_NULL_CONVERSION = YES;
				CLANG_WARN_OBJC_IMPLICIT_RETAIN_SELF = YES;
				CLANG_WARN_OBJC_LITERAL_CONVERSION = YES;
				CLANG_WARN_OBJC_ROOT_CLASS = YES_ERROR;
				CLANG_WARN_RANGE_LOOP_ANALYSIS = YES;
				CLANG_WARN_STRICT_PROTOTYPES = YES;
				CLANG_WARN_SUSPICIOUS_MOVE = YES;
				CLANG_WARN_UNGUARDED_AVAILABILITY = YES_AGGRESSIVE;
				CLANG_WARN_UNREACHABLE_CODE = YES;
				CLANG_WARN__DUPLICATE_METHOD_MATCH = YES;
				CODE_SIGN_IDENTITY = "iPhone Developer";
				COPY_PHASE_STRIP = NO;
				DEBUG_INFORMATION_FORMAT = "dwarf-with-dsym";
				ENABLE_NS_ASSERTIONS = NO;
				ENABLE_STRICT_OBJC_MSGSEND = YES;
				GCC_C_LANGUAGE_STANDARD = gnu11;
				GCC_NO_COMMON_BLOCKS = YES;
				GCC_WARN_64_TO_32_BIT_CONVERSION = YES;
				GCC_WARN_ABOUT_RETURN_TYPE = YES_ERROR;
				GCC_WARN_UNDECLARED_SELECTOR = YES;
				GCC_WARN_UNINITIALIZED_AUTOS = YES_AGGRESSIVE;
				GCC_WARN_UNUSED_FUNCTION = YES;
				GCC_WARN_UNUSED_VARIABLE = YES;
				IPHONEOS_DEPLOYMENT_TARGET = 12.1;
				MTL_ENABLE_DEBUG_INFO = NO;
				MTL_FAST_MATH = YES;
				SDKROOT = iphoneos;
				SWIFT_COMPILATION_MODE = wholemodule;
				SWIFT_OPTIMIZATION_LEVEL = "-O";
				VALIDATE_PRODUCT = YES;
			};
			name = Release;
		};
		7DCCD4BB22249A1600722982 /* Debug */ = {
			isa = XCBuildConfiguration;
			baseConfigurationReference = F29E2D06FDC98452E64A10C4 /* Pods-d12Spellbook.debug.xcconfig */;
			buildSettings = {
				ASSETCATALOG_COMPILER_APPICON_NAME = AppIcon;
				CODE_SIGN_STYLE = Automatic;
				DEVELOPMENT_TEAM = F8S46T9XAN;
				INFOPLIST_FILE = d12Spellbook/Info.plist;
				LD_RUNPATH_SEARCH_PATHS = (
					"$(inherited)",
					"@executable_path/Frameworks",
				);
				PRODUCT_BUNDLE_IDENTIFIER = me.atkn.d12Spellbook;
				PRODUCT_NAME = "$(TARGET_NAME)";
				SWIFT_VERSION = 4.2;
				TARGETED_DEVICE_FAMILY = "1,2";
			};
			name = Debug;
		};
		7DCCD4BC22249A1600722982 /* Release */ = {
			isa = XCBuildConfiguration;
			baseConfigurationReference = 70FA879BC2F8B6C60E74A7F9 /* Pods-d12Spellbook.release.xcconfig */;
			buildSettings = {
				ASSETCATALOG_COMPILER_APPICON_NAME = AppIcon;
				CODE_SIGN_STYLE = Automatic;
				DEVELOPMENT_TEAM = F8S46T9XAN;
				INFOPLIST_FILE = d12Spellbook/Info.plist;
				LD_RUNPATH_SEARCH_PATHS = (
					"$(inherited)",
					"@executable_path/Frameworks",
				);
				PRODUCT_BUNDLE_IDENTIFIER = me.atkn.d12Spellbook;
				PRODUCT_NAME = "$(TARGET_NAME)";
				SWIFT_VERSION = 4.2;
				TARGETED_DEVICE_FAMILY = "1,2";
			};
			name = Release;
		};
/* End XCBuildConfiguration section */

/* Begin XCConfigurationList section */
		7DCCD4A322249A1400722982 /* Build configuration list for PBXProject "d12Spellbook" */ = {
			isa = XCConfigurationList;
			buildConfigurations = (
				7DCCD4B822249A1600722982 /* Debug */,
				7DCCD4B922249A1600722982 /* Release */,
			);
			defaultConfigurationIsVisible = 0;
			defaultConfigurationName = Release;
		};
		7DCCD4BA22249A1600722982 /* Build configuration list for PBXNativeTarget "d12Spellbook" */ = {
			isa = XCConfigurationList;
			buildConfigurations = (
				7DCCD4BB22249A1600722982 /* Debug */,
				7DCCD4BC22249A1600722982 /* Release */,
			);
			defaultConfigurationIsVisible = 0;
			defaultConfigurationName = Release;
		};
/* End XCConfigurationList section */
	};
	rootObject = 7DCCD4A022249A1400722982 /* Project object */;
}
